
Microsoft Visual Studio Solution File, Format Version 12.00
# Visual Studio Version 17
VisualStudioVersion = 17.0.31903.59
MinimumVisualStudioVersion = 10.0.40219.1
Project("{FAE04EC0-301F-11D3-BF4B-00C04F79EFBC}") = "DemoFluentValidationPlusActionFilter", "DemoFluentValidationPlusActionFilter.csproj", "{DD159D58-0B9B-4949-9BD7-D48AC0EF91CD}"
EndProject
Global
	GlobalSection(SolutionConfigurationPlatforms) = preSolution
		Debug|Any CPU = Debug|Any CPU
		Release|Any CPU = Release|Any CPU
	EndGlobalSection
	GlobalSection(SolutionProperties) = preSolution
		HideSolutionNode = FALSE
	EndGlobalSection
	GlobalSection(ProjectConfigurationPlatforms) = postSolution
		{DD159D58-0B9B-4949-9BD7-D48AC0EF91CD}.Debug|Any CPU.ActiveCfg = Debug|Any CPU
		{DD159D58-0B9B-4949-9BD7-D48AC0EF91CD}.Debug|Any CPU.Build.0 = Debug|Any CPU
		{DD159D58-0B9B-4949-9BD7-D48AC0EF91CD}.Release|Any CPU.ActiveCfg = Release|Any CPU
		{DD159D58-0B9B-4949-9BD7-D48AC0EF91CD}.Release|Any CPU.Build.0 = Release|Any CPU
	EndGlobalSection
EndGlobal
